<?xml version="1.0" encoding="utf-8"?>
<Project ToolsVersion="4.0" xmlns="http://schemas.microsoft.com/developer/msbuild/2003">
  <ItemGroup>
    <Filter Include="소스 파일">
      <UniqueIdentifier>{4FC737F1-C7A5-4376-A066-2A32D752A2FF}</UniqueIdentifier>
      <Extensions>cpp;c;cc;cxx;c++;def;odl;idl;hpj;bat;asm;asmx</Extensions>
    </Filter>
    <Filter Include="헤더 파일">
      <UniqueIdentifier>{93995380-89BD-4b04-88EB-625FBE52EBFB}</UniqueIdentifier>
      <Extensions>h;hh;hpp;hxx;h++;hm;inl;inc;ipp;xsd</Extensions>
    </Filter>
    <Filter Include="리소스 파일">
      <UniqueIdentifier>{67DA6AB6-F800-4c08-8B7A-83BB121AAD01}</UniqueIdentifier>
      <Extensions>rc;ico;cur;bmp;dlg;rc2;rct;bin;rgs;gif;jpg;jpeg;jpe;resx;tiff;tif;png;wav;mfcribbon-ms</Extensions>
    </Filter>
    <Filter Include="소스 파일\단계별로 풀어보기">
      <UniqueIdentifier>{252a43c0-eccc-44b5-9970-4db0644c4897}</UniqueIdentifier>
    </Filter>
    <Filter Include="소스 파일\단계별로 풀어보기\브루트 포스">
      <UniqueIdentifier>{b21516ab-33d0-439a-9e7c-ff16e2ccc679}</UniqueIdentifier>
    </Filter>
    <Filter Include="소스 파일\단계별로 풀어보기\정렬">
      <UniqueIdentifier>{a671b423-5cdc-4ebf-85c4-8f292c3a9bac}</UniqueIdentifier>
    </Filter>
  </ItemGroup>
  <ItemGroup>
    <ClCompile Include="브루트 포스\덩치.cpp">
      <Filter>소스 파일\단계별로 풀어보기\브루트 포스</Filter>
    </ClCompile>
    <ClCompile Include="브루트 포스\분해합.cpp">
      <Filter>소스 파일\단계별로 풀어보기\브루트 포스</Filter>
    </ClCompile>
    <ClCompile Include="브루트 포스\블랙잭.cpp">
      <Filter>소스 파일\단계별로 풀어보기\브루트 포스</Filter>
    </ClCompile>
    <ClCompile Include="브루트 포스\영화감독 숌.cpp">
      <Filter>소스 파일\단계별로 풀어보기\브루트 포스</Filter>
    </ClCompile>
    <ClCompile Include="브루트 포스\체스판 다시 칠하기.cpp">
      <Filter>소스 파일\단계별로 풀어보기\브루트 포스</Filter>
    </ClCompile>
    <ClCompile Include="정렬\수 정렬하기.cpp">
      <Filter>소스 파일\단계별로 풀어보기\정렬</Filter>
    </ClCompile>
    <ClCompile Include="정렬\수 정렬하기2.cpp">
      <Filter>소스 파일\단계별로 풀어보기\정렬</Filter>
    </ClCompile>
  </ItemGroup>
</Project>