<?xml version="1.0" encoding="utf-8"?>
<Project ToolsVersion="4.0" xmlns="http://schemas.microsoft.com/developer/msbuild/2003">
  <ItemGroup>
    <Filter Include="소스 파일">
      <UniqueIdentifier>{4FC737F1-C7A5-4376-A066-2A32D752A2FF}</UniqueIdentifier>
      <Extensions>cpp;c;cc;cxx;c++;def;odl;idl;hpj;bat;asm;asmx</Extensions>
    </Filter>
    <Filter Include="헤더 파일">
      <UniqueIdentifier>{93995380-89BD-4b04-88EB-625FBE52EBFB}</UniqueIdentifier>
      <Extensions>h;hh;hpp;hxx;h++;hm;inl;inc;ipp;xsd</Extensions>
    </Filter>
    <Filter Include="리소스 파일">
      <UniqueIdentifier>{67DA6AB6-F800-4c08-8B7A-83BB121AAD01}</UniqueIdentifier>
      <Extensions>rc;ico;cur;bmp;dlg;rc2;rct;bin;rgs;gif;jpg;jpeg;jpe;resx;tiff;tif;png;wav;mfcribbon-ms</Extensions>
    </Filter>
    <Filter Include="소스 파일\단계별로 풀어보기">
      <UniqueIdentifier>{252a43c0-eccc-44b5-9970-4db0644c4897}</UniqueIdentifier>
    </Filter>
    <Filter Include="소스 파일\단계별로 풀어보기\브루트 포스">
      <UniqueIdentifier>{b21516ab-33d0-439a-9e7c-ff16e2ccc679}</UniqueIdentifier>
    </Filter>
    <Filter Include="소스 파일\단계별로 풀어보기\정렬">
      <UniqueIdentifier>{a671b423-5cdc-4ebf-85c4-8f292c3a9bac}</UniqueIdentifier>
    </Filter>
    <Filter Include="소스 파일\단계별로 풀어보기\그리디 알고리즘">
      <UniqueIdentifier>{3d3198c9-24ff-4f18-a623-46fa2124e3d0}</UniqueIdentifier>
    </Filter>
    <Filter Include="소스 파일\단계별로 풀어보기\분할정복">
      <UniqueIdentifier>{9ad699d8-36d5-426a-8491-23443f69fb6d}</UniqueIdentifier>
    </Filter>
    <Filter Include="소스 파일\단계별로 풀어보기\동적 계획법 1">
      <UniqueIdentifier>{500f750d-bb2b-48e2-a1d1-74d611276bf2}</UniqueIdentifier>
    </Filter>
    <Filter Include="소스 파일\단계별로 풀어보기\집합과 맵">
      <UniqueIdentifier>{aea98652-fb8c-4cd0-9ae1-dbd04a74657c}</UniqueIdentifier>
    </Filter>
  </ItemGroup>
  <ItemGroup>
    <ClCompile Include="브루트 포스\덩치.cpp">
      <Filter>소스 파일\단계별로 풀어보기\브루트 포스</Filter>
    </ClCompile>
    <ClCompile Include="브루트 포스\분해합.cpp">
      <Filter>소스 파일\단계별로 풀어보기\브루트 포스</Filter>
    </ClCompile>
    <ClCompile Include="브루트 포스\블랙잭.cpp">
      <Filter>소스 파일\단계별로 풀어보기\브루트 포스</Filter>
    </ClCompile>
    <ClCompile Include="브루트 포스\영화감독 숌.cpp">
      <Filter>소스 파일\단계별로 풀어보기\브루트 포스</Filter>
    </ClCompile>
    <ClCompile Include="브루트 포스\체스판 다시 칠하기.cpp">
      <Filter>소스 파일\단계별로 풀어보기\브루트 포스</Filter>
    </ClCompile>
    <ClCompile Include="정렬\수 정렬하기.cpp">
      <Filter>소스 파일\단계별로 풀어보기\정렬</Filter>
    </ClCompile>
    <ClCompile Include="정렬\수 정렬하기2.cpp">
      <Filter>소스 파일\단계별로 풀어보기\정렬</Filter>
    </ClCompile>
    <ClCompile Include="그리디 알고리즘\동전 0.cpp">
      <Filter>소스 파일\단계별로 풀어보기\그리디 알고리즘</Filter>
    </ClCompile>
    <ClCompile Include="그리디 알고리즘\회의실 배정.cpp">
      <Filter>소스 파일\단계별로 풀어보기\그리디 알고리즘</Filter>
    </ClCompile>
    <ClCompile Include="그리디 알고리즘\ATM.cpp">
      <Filter>소스 파일\단계별로 풀어보기\그리디 알고리즘</Filter>
    </ClCompile>
    <ClCompile Include="그리디 알고리즘\잃어버린 괄호.cpp">
      <Filter>소스 파일\단계별로 풀어보기\그리디 알고리즘</Filter>
    </ClCompile>
    <ClCompile Include="그리디 알고리즘\주유소.cpp">
      <Filter>소스 파일\단계별로 풀어보기\그리디 알고리즘</Filter>
    </ClCompile>
    <ClCompile Include="분할정복\색종이 만들기.cpp">
      <Filter>소스 파일\단계별로 풀어보기\분할정복</Filter>
    </ClCompile>
    <ClCompile Include="분할정복\쿼드트리.cpp">
      <Filter>소스 파일\단계별로 풀어보기\분할정복</Filter>
    </ClCompile>
    <ClCompile Include="분할정복\종이의 개수.cpp">
      <Filter>소스 파일\단계별로 풀어보기\분할정복</Filter>
    </ClCompile>
    <ClCompile Include="분할정복\곱셈.cpp">
      <Filter>소스 파일\단계별로 풀어보기\분할정복</Filter>
    </ClCompile>
    <ClCompile Include="동적 계획법 1\신나는 함수 실행.cpp">
      <Filter>소스 파일\단계별로 풀어보기\동적 계획법 1</Filter>
    </ClCompile>
    <ClCompile Include="동적 계획법 1\피보나치 함수.cpp">
      <Filter>소스 파일\단계별로 풀어보기\동적 계획법 1</Filter>
    </ClCompile>
    <ClCompile Include="집합과 맵\Number Card.cpp">
      <Filter>소스 파일\단계별로 풀어보기\집합과 맵</Filter>
    </ClCompile>
    <ClCompile Include="String Set.cpp">
      <Filter>소스 파일\단계별로 풀어보기\집합과 맵</Filter>
    </ClCompile>
  </ItemGroup>
</Project>